
Microsoft Visual Studio Solution File, Format Version 12.00
# Visual Studio 2013
VisualStudioVersion = 12.0.40629.0
MinimumVisualStudioVersion = 10.0.40219.1
Project("{FAE04EC0-301F-11D3-BF4B-00C04F79EFBC}") = "Problema1", "Problema1\Problema1.csproj", "{7E52C325-D05D-42DF-9F12-0AB95FDC4C22}"
EndProject
Project("{FAE04EC0-301F-11D3-BF4B-00C04F79EFBC}") = "Problema2", "Problema2\Problema2.csproj", "{EF1E547D-4C8F-4158-AAAA-1855613824A1}"
EndProject
Project("{FAE04EC0-301F-11D3-BF4B-00C04F79EFBC}") = "Problema3", "Problema3\Problema3.csproj", "{C66EAE06-3790-4346-B01B-FF1F75252EC5}"
EndProject
Global
	GlobalSection(SolutionConfigurationPlatforms) = preSolution
		Debug|Any CPU = Debug|Any CPU
		Release|Any CPU = Release|Any CPU
	EndGlobalSection
	GlobalSection(ProjectConfigurationPlatforms) = postSolution
		{7E52C325-D05D-42DF-9F12-0AB95FDC4C22}.Debug|Any CPU.ActiveCfg = Debug|Any CPU
		{7E52C325-D05D-42DF-9F12-0AB95FDC4C22}.Debug|Any CPU.Build.0 = Debug|Any CPU
		{7E52C325-D05D-42DF-9F12-0AB95FDC4C22}.Release|Any CPU.ActiveCfg = Release|Any CPU
		{7E52C325-D05D-42DF-9F12-0AB95FDC4C22}.Release|Any CPU.Build.0 = Release|Any CPU
		{EF1E547D-4C8F-4158-AAAA-1855613824A1}.Debug|Any CPU.ActiveCfg = Debug|Any CPU
		{EF1E547D-4C8F-4158-AAAA-1855613824A1}.Debug|Any CPU.Build.0 = Debug|Any CPU
		{EF1E547D-4C8F-4158-AAAA-1855613824A1}.Release|Any CPU.ActiveCfg = Release|Any CPU
		{EF1E547D-4C8F-4158-AAAA-1855613824A1}.Release|Any CPU.Build.0 = Release|Any CPU
		{C66EAE06-3790-4346-B01B-FF1F75252EC5}.Debug|Any CPU.ActiveCfg = Debug|Any CPU
		{C66EAE06-3790-4346-B01B-FF1F75252EC5}.Debug|Any CPU.Build.0 = Debug|Any CPU
		{C66EAE06-3790-4346-B01B-FF1F75252EC5}.Release|Any CPU.ActiveCfg = Release|Any CPU
		{C66EAE06-3790-4346-B01B-FF1F75252EC5}.Release|Any CPU.Build.0 = Release|Any CPU
	EndGlobalSection
	GlobalSection(SolutionProperties) = preSolution
		HideSolutionNode = FALSE
	EndGlobalSection
EndGlobal
