
Microsoft Visual Studio Solution File, Format Version 12.00
# Visual Studio 2013
VisualStudioVersion = 12.0.40629.0
MinimumVisualStudioVersion = 10.0.40219.1
Project("{FAE04EC0-301F-11D3-BF4B-00C04F79EFBC}") = "ClienteMVC", "ClienteMVC\ClienteMVC.csproj", "{020DADB7-601B-4C65-A464-3D93AAF3ACE7}"
EndProject
Project("{FAE04EC0-301F-11D3-BF4B-00C04F79EFBC}") = "WebApiCore", "WebApiCore\WebApiCore.csproj", "{00606BB0-8557-4B04-B25F-98C0C58501AA}"
EndProject
Project("{2150E333-8FDC-42A3-9474-1A3956D46DE8}") = "03 FrontEnd", "03 FrontEnd", "{07558A9B-B5E5-42DD-93DD-D982A8C1EC35}"
EndProject
Project("{2150E333-8FDC-42A3-9474-1A3956D46DE8}") = "01 BackEnd", "01 BackEnd", "{87C89B98-3E4C-4C51-A183-FD5E6CEA708A}"
EndProject
Project("{FAE04EC0-301F-11D3-BF4B-00C04F79EFBC}") = "Entidades", "Entidades\Entidades.csproj", "{6D1894E6-FE3C-47AD-88AA-B52C29FBD8D1}"
EndProject
Project("{FAE04EC0-301F-11D3-BF4B-00C04F79EFBC}") = "AccesoDatos", "AccesoDatos\AccesoDatos.csproj", "{FDDD7B2C-EE4C-49DA-B20D-C7E69BB21648}"
EndProject
Project("{FAE04EC0-301F-11D3-BF4B-00C04F79EFBC}") = "Negocio", "Negocio\Negocio.csproj", "{B73D2DEF-02AF-4F76-956F-1AF48A1BD592}"
EndProject
Project("{FAE04EC0-301F-11D3-BF4B-00C04F79EFBC}") = "Utilitario", "Utilitario\Utilitario.csproj", "{2AE52AEC-C4F4-4333-A1BD-ED226A10FB35}"
EndProject
Project("{2150E333-8FDC-42A3-9474-1A3956D46DE8}") = "04 Transversal", "04 Transversal", "{C3E06767-DD70-49E4-80CF-DC310BEF0528}"
EndProject
Global
	GlobalSection(SolutionConfigurationPlatforms) = preSolution
		Debug|Any CPU = Debug|Any CPU
		Release|Any CPU = Release|Any CPU
	EndGlobalSection
	GlobalSection(ProjectConfigurationPlatforms) = postSolution
		{020DADB7-601B-4C65-A464-3D93AAF3ACE7}.Debug|Any CPU.ActiveCfg = Debug|Any CPU
		{020DADB7-601B-4C65-A464-3D93AAF3ACE7}.Debug|Any CPU.Build.0 = Debug|Any CPU
		{020DADB7-601B-4C65-A464-3D93AAF3ACE7}.Release|Any CPU.ActiveCfg = Release|Any CPU
		{020DADB7-601B-4C65-A464-3D93AAF3ACE7}.Release|Any CPU.Build.0 = Release|Any CPU
		{00606BB0-8557-4B04-B25F-98C0C58501AA}.Debug|Any CPU.ActiveCfg = Debug|Any CPU
		{00606BB0-8557-4B04-B25F-98C0C58501AA}.Debug|Any CPU.Build.0 = Debug|Any CPU
		{00606BB0-8557-4B04-B25F-98C0C58501AA}.Release|Any CPU.ActiveCfg = Release|Any CPU
		{00606BB0-8557-4B04-B25F-98C0C58501AA}.Release|Any CPU.Build.0 = Release|Any CPU
		{6D1894E6-FE3C-47AD-88AA-B52C29FBD8D1}.Debug|Any CPU.ActiveCfg = Debug|Any CPU
		{6D1894E6-FE3C-47AD-88AA-B52C29FBD8D1}.Debug|Any CPU.Build.0 = Debug|Any CPU
		{6D1894E6-FE3C-47AD-88AA-B52C29FBD8D1}.Release|Any CPU.ActiveCfg = Release|Any CPU
		{6D1894E6-FE3C-47AD-88AA-B52C29FBD8D1}.Release|Any CPU.Build.0 = Release|Any CPU
		{FDDD7B2C-EE4C-49DA-B20D-C7E69BB21648}.Debug|Any CPU.ActiveCfg = Debug|Any CPU
		{FDDD7B2C-EE4C-49DA-B20D-C7E69BB21648}.Debug|Any CPU.Build.0 = Debug|Any CPU
		{FDDD7B2C-EE4C-49DA-B20D-C7E69BB21648}.Release|Any CPU.ActiveCfg = Release|Any CPU
		{FDDD7B2C-EE4C-49DA-B20D-C7E69BB21648}.Release|Any CPU.Build.0 = Release|Any CPU
		{B73D2DEF-02AF-4F76-956F-1AF48A1BD592}.Debug|Any CPU.ActiveCfg = Debug|Any CPU
		{B73D2DEF-02AF-4F76-956F-1AF48A1BD592}.Debug|Any CPU.Build.0 = Debug|Any CPU
		{B73D2DEF-02AF-4F76-956F-1AF48A1BD592}.Release|Any CPU.ActiveCfg = Release|Any CPU
		{B73D2DEF-02AF-4F76-956F-1AF48A1BD592}.Release|Any CPU.Build.0 = Release|Any CPU
		{2AE52AEC-C4F4-4333-A1BD-ED226A10FB35}.Debug|Any CPU.ActiveCfg = Debug|Any CPU
		{2AE52AEC-C4F4-4333-A1BD-ED226A10FB35}.Debug|Any CPU.Build.0 = Debug|Any CPU
		{2AE52AEC-C4F4-4333-A1BD-ED226A10FB35}.Release|Any CPU.ActiveCfg = Release|Any CPU
		{2AE52AEC-C4F4-4333-A1BD-ED226A10FB35}.Release|Any CPU.Build.0 = Release|Any CPU
	EndGlobalSection
	GlobalSection(SolutionProperties) = preSolution
		HideSolutionNode = FALSE
	EndGlobalSection
	GlobalSection(NestedProjects) = preSolution
		{020DADB7-601B-4C65-A464-3D93AAF3ACE7} = {07558A9B-B5E5-42DD-93DD-D982A8C1EC35}
		{00606BB0-8557-4B04-B25F-98C0C58501AA} = {07558A9B-B5E5-42DD-93DD-D982A8C1EC35}
		{6D1894E6-FE3C-47AD-88AA-B52C29FBD8D1} = {87C89B98-3E4C-4C51-A183-FD5E6CEA708A}
		{FDDD7B2C-EE4C-49DA-B20D-C7E69BB21648} = {87C89B98-3E4C-4C51-A183-FD5E6CEA708A}
		{B73D2DEF-02AF-4F76-956F-1AF48A1BD592} = {87C89B98-3E4C-4C51-A183-FD5E6CEA708A}
		{2AE52AEC-C4F4-4333-A1BD-ED226A10FB35} = {C3E06767-DD70-49E4-80CF-DC310BEF0528}
	EndGlobalSection
EndGlobal
